
Microsoft Visual Studio Solution File, Format Version 12.00
# Visual Studio Version 17
VisualStudioVersion = 17.7.34009.444
MinimumVisualStudioVersion = 10.0.40219.1
Project("{54A90642-561A-4BB1-A94E-469ADEE60C69}") = "ndsk", "NDSK\ndsk.esproj", "{0C46DF8B-0368-4D4B-869A-5329BBA3AA65}"
EndProject
Global
	GlobalSection(SolutionConfigurationPlatforms) = preSolution
		Debug|Any CPU = Debug|Any CPU
		Release|Any CPU = Release|Any CPU
	EndGlobalSection
	GlobalSection(ProjectConfigurationPlatforms) = postSolution
		{0C46DF8B-0368-4D4B-869A-5329BBA3AA65}.Debug|Any CPU.ActiveCfg = Debug|Any CPU
		{0C46DF8B-0368-4D4B-869A-5329BBA3AA65}.Debug|Any CPU.Build.0 = Debug|Any CPU
		{0C46DF8B-0368-4D4B-869A-5329BBA3AA65}.Debug|Any CPU.Deploy.0 = Debug|Any CPU
		{0C46DF8B-0368-4D4B-869A-5329BBA3AA65}.Release|Any CPU.ActiveCfg = Release|Any CPU
		{0C46DF8B-0368-4D4B-869A-5329BBA3AA65}.Release|Any CPU.Build.0 = Release|Any CPU
		{0C46DF8B-0368-4D4B-869A-5329BBA3AA65}.Release|Any CPU.Deploy.0 = Release|Any CPU
	EndGlobalSection
	GlobalSection(SolutionProperties) = preSolution
		HideSolutionNode = FALSE
	EndGlobalSection
	GlobalSection(ExtensibilityGlobals) = postSolution
		SolutionGuid = {3E75502C-38E3-4F1D-A251-D3C0F6032B81}
	EndGlobalSection
EndGlobal
